// !$*UTF8*$!
{
	archiveVersion = 1;
	classes = {
	};
	objectVersion = 46;
	objects = {

/* Begin PBXBuildFile section */
		98DE833419D543260055B461 /* main.m in Sources */ = {isa = PBXBuildFile; fileRef = 98DE833319D543260055B461 /* main.m */; };
		98DE833719D543260055B461 /* AppDelegate.m in Sources */ = {isa = PBXBuildFile; fileRef = 98DE833619D543260055B461 /* AppDelegate.m */; };
		98DE833919D543260055B461 /* art.scnassets in Resources */ = {isa = PBXBuildFile; fileRef = 98DE833819D543260055B461 /* art.scnassets */; };
		98DE833C19D543260055B461 /* GameViewController.m in Sources */ = {isa = PBXBuildFile; fileRef = 98DE833B19D543260055B461 /* GameViewController.m */; };
		98DE833F19D543260055B461 /* Main.storyboard in Resources */ = {isa = PBXBuildFile; fileRef = 98DE833D19D543260055B461 /* Main.storyboard */; };
		98DE834119D543260055B461 /* Images.xcassets in Resources */ = {isa = PBXBuildFile; fileRef = 98DE834019D543260055B461 /* Images.xcassets */; };
		98DE834419D543260055B461 /* LaunchScreen.xib in Resources */ = {isa = PBXBuildFile; fileRef = 98DE834219D543260055B461 /* LaunchScreen.xib */; };
		98DE835019D543260055B461 /* Game_002Tests.m in Sources */ = {isa = PBXBuildFile; fileRef = 98DE834F19D543260055B461 /* Game_002Tests.m */; };
		98DE835B19D5C3FD0055B461 /* SessionViewController.m in Sources */ = {isa = PBXBuildFile; fileRef = 98DE835A19D5C3FD0055B461 /* SessionViewController.m */; };
/* End PBXBuildFile section */

/* Begin PBXContainerItemProxy section */
		98DE834A19D543260055B461 /* PBXContainerItemProxy */ = {
			isa = PBXContainerItemProxy;
			containerPortal = 98DE832619D543260055B461 /* Project object */;
			proxyType = 1;
			remoteGlobalIDString = 98DE832D19D543260055B461;
			remoteInfo = Game_002;
		};
/* End PBXContainerItemProxy section */

/* Begin PBXFileReference section */
		98DE832E19D543260055B461 /* Game_002.app */ = {isa = PBXFileReference; explicitFileType = wrapper.application; includeInIndex = 0; path = Game_002.app; sourceTree = BUILT_PRODUCTS_DIR; };
		98DE833219D543260055B461 /* Info.plist */ = {isa = PBXFileReference; lastKnownFileType = text.plist.xml; path = Info.plist; sourceTree = "<group>"; };
		98DE833319D543260055B461 /* main.m */ = {isa = PBXFileReference; lastKnownFileType = sourcecode.c.objc; path = main.m; sourceTree = "<group>"; };
		98DE833519D543260055B461 /* AppDelegate.h */ = {isa = PBXFileReference; lastKnownFileType = sourcecode.c.h; path = AppDelegate.h; sourceTree = "<group>"; };
		98DE833619D543260055B461 /* AppDelegate.m */ = {isa = PBXFileReference; lastKnownFileType = sourcecode.c.objc; path = AppDelegate.m; sourceTree = "<group>"; };
		98DE833819D543260055B461 /* art.scnassets */ = {isa = PBXFileReference; lastKnownFileType = wrapper.scnassets; path = art.scnassets; sourceTree = "<group>"; };
		98DE833A19D543260055B461 /* GameViewController.h */ = {isa = PBXFileReference; lastKnownFileType = sourcecode.c.h; path = GameViewController.h; sourceTree = "<group>"; };
		98DE833B19D543260055B461 /* GameViewController.m */ = {isa = PBXFileReference; lastKnownFileType = sourcecode.c.objc; path = GameViewController.m; sourceTree = "<group>"; };
		98DE833E19D543260055B461 /* Base */ = {isa = PBXFileReference; lastKnownFileType = file.storyboard; name = Base; path = Base.lproj/Main.storyboard; sourceTree = "<group>"; };
		98DE834019D543260055B461 /* Images.xcassets */ = {isa = PBXFileReference; lastKnownFileType = folder.assetcatalog; path = Images.xcassets; sourceTree = "<group>"; };
		98DE834319D543260055B461 /* Base */ = {isa = PBXFileReference; lastKnownFileType = file.xib; name = Base; path = Base.lproj/LaunchScreen.xib; sourceTree = "<group>"; };
		98DE834919D543260055B461 /* Game_002Tests.xctest */ = {isa = PBXFileReference; explicitFileType = wrapper.cfbundle; includeInIndex = 0; path = Game_002Tests.xctest; sourceTree = BUILT_PRODUCTS_DIR; };
		98DE834E19D543260055B461 /* Info.plist */ = {isa = PBXFileReference; lastKnownFileType = text.plist.xml; path = Info.plist; sourceTree = "<group>"; };
		98DE834F19D543260055B461 /* Game_002Tests.m */ = {isa = PBXFileReference; lastKnownFileType = sourcecode.c.objc; path = Game_002Tests.m; sourceTree = "<group>"; };
		98DE835919D5C3FD0055B461 /* SessionViewController.h */ = {isa = PBXFileReference; fileEncoding = 4; lastKnownFileType = sourcecode.c.h; path = SessionViewController.h; sourceTree = "<group>"; };
		98DE835A19D5C3FD0055B461 /* SessionViewController.m */ = {isa = PBXFileReference; fileEncoding = 4; lastKnownFileType = sourcecode.c.objc; path = SessionViewController.m; sourceTree = "<group>"; };
/* End PBXFileReference section */

/* Begin PBXFrameworksBuildPhase section */
		98DE832B19D543260055B461 /* Frameworks */ = {
			isa = PBXFrameworksBuildPhase;
			buildActionMask = 2147483647;
			files = (
			);
			runOnlyForDeploymentPostprocessing = 0;
		};
		98DE834619D543260055B461 /* Frameworks */ = {
			isa = PBXFrameworksBuildPhase;
			buildActionMask = 2147483647;
			files = (
			);
			runOnlyForDeploymentPostprocessing = 0;
		};
/* End PBXFrameworksBuildPhase section */

/* Begin PBXGroup section */
		98DE832519D543260055B461 = {
			isa = PBXGroup;
			children = (
				98DE833019D543260055B461 /* Game_002 */,
				98DE834C19D543260055B461 /* Game_002Tests */,
				98DE832F19D543260055B461 /* Products */,
			);
			sourceTree = "<group>";
		};
		98DE832F19D543260055B461 /* Products */ = {
			isa = PBXGroup;
			children = (
				98DE832E19D543260055B461 /* Game_002.app */,
				98DE834919D543260055B461 /* Game_002Tests.xctest */,
			);
			name = Products;
			sourceTree = "<group>";
		};
		98DE833019D543260055B461 /* Game_002 */ = {
			isa = PBXGroup;
			children = (
				98DE833519D543260055B461 /* AppDelegate.h */,
				98DE833619D543260055B461 /* AppDelegate.m */,
				98DE833D19D543260055B461 /* Main.storyboard */,
				98DE835919D5C3FD0055B461 /* SessionViewController.h */,
				98DE835A19D5C3FD0055B461 /* SessionViewController.m */,
				98DE833A19D543260055B461 /* GameViewController.h */,
				98DE833B19D543260055B461 /* GameViewController.m */,
				98DE833819D543260055B461 /* art.scnassets */,
				98DE834019D543260055B461 /* Images.xcassets */,
				98DE834219D543260055B461 /* LaunchScreen.xib */,
				98DE833119D543260055B461 /* Supporting Files */,
			);
			path = Game_002;
			sourceTree = "<group>";
		};
		98DE833119D543260055B461 /* Supporting Files */ = {
			isa = PBXGroup;
			children = (
				98DE833219D543260055B461 /* Info.plist */,
				98DE833319D543260055B461 /* main.m */,
			);
			name = "Supporting Files";
			sourceTree = "<group>";
		};
		98DE834C19D543260055B461 /* Game_002Tests */ = {
			isa = PBXGroup;
			children = (
				98DE834F19D543260055B461 /* Game_002Tests.m */,
				98DE834D19D543260055B461 /* Supporting Files */,
			);
			path = Game_002Tests;
			sourceTree = "<group>";
		};
		98DE834D19D543260055B461 /* Supporting Files */ = {
			isa = PBXGroup;
			children = (
				98DE834E19D543260055B461 /* Info.plist */,
			);
			name = "Supporting Files";
			sourceTree = "<group>";
		};
/* End PBXGroup section */

/* Begin PBXNativeTarget section */
		98DE832D19D543260055B461 /* Game_002 */ = {
			isa = PBXNativeTarget;
			buildConfigurationList = 98DE835319D543260055B461 /* Build configuration list for PBXNativeTarget "Game_002" */;
			buildPhases = (
				98DE832A19D543260055B461 /* Sources */,
				98DE832B19D543260055B461 /* Frameworks */,
				98DE832C19D543260055B461 /* Resources */,
			);
			buildRules = (
			);
			dependencies = (
			);
			name = Game_002;
			productName = Game_002;
			productReference = 98DE832E19D543260055B461 /* Game_002.app */;
			productType = "com.apple.product-type.application";
		};
		98DE834819D543260055B461 /* Game_002Tests */ = {
			isa = PBXNativeTarget;
			buildConfigurationList = 98DE835619D543260055B461 /* Build configuration list for PBXNativeTarget "Game_002Tests" */;
			buildPhases = (
				98DE834519D543260055B461 /* Sources */,
				98DE834619D543260055B461 /* Frameworks */,
				98DE834719D543260055B461 /* Resources */,
			);
			buildRules = (
			);
			dependencies = (
				98DE834B19D543260055B461 /* PBXTargetDependency */,
			);
			name = Game_002Tests;
			productName = Game_002Tests;
			productReference = 98DE834919D543260055B461 /* Game_002Tests.xctest */;
			productType = "com.apple.product-type.bundle.unit-test";
		};
/* End PBXNativeTarget section */

/* Begin PBXProject section */
		98DE832619D543260055B461 /* Project object */ = {
			isa = PBXProject;
			attributes = {
				LastUpgradeCheck = 0600;
				ORGANIZATIONNAME = "寺内 信夫";
				TargetAttributes = {
					98DE832D19D543260055B461 = {
						CreatedOnToolsVersion = 6.0.1;
						DevelopmentTeam = 4MR9PFC32K;
					};
					98DE834819D543260055B461 = {
						CreatedOnToolsVersion = 6.0.1;
						TestTargetID = 98DE832D19D543260055B461;
					};
				};
			};
			buildConfigurationList = 98DE832919D543260055B461 /* Build configuration list for PBXProject "Game_002" */;
			compatibilityVersion = "Xcode 3.2";
			developmentRegion = English;
			hasScannedForEncodings = 0;
			knownRegions = (
				en,
				Base,
			);
			mainGroup = 98DE832519D543260055B461;
			productRefGroup = 98DE832F19D543260055B461 /* Products */;
			projectDirPath = "";
			projectRoot = "";
			targets = (
				98DE832D19D543260055B461 /* Game_002 */,
				98DE834819D543260055B461 /* Game_002Tests */,
			);
		};
/* End PBXProject section */

/* Begin PBXResourcesBuildPhase section */
		98DE832C19D543260055B461 /* Resources */ = {
			isa = PBXResourcesBuildPhase;
			buildActionMask = 2147483647;
			files = (
				98DE834419D543260055B461 /* LaunchScreen.xib in Resources */,
				98DE834119D543260055B461 /* Images.xcassets in Resources */,
				98DE833919D543260055B461 /* art.scnassets in Resources */,
				98DE833F19D543260055B461 /* Main.storyboard in Resources */,
			);
			runOnlyForDeploymentPostprocessing = 0;
		};
		98DE834719D543260055B461 /* Resources */ = {
			isa = PBXResourcesBuildPhase;
			buildActionMask = 2147483647;
			files = (
			);
			runOnlyForDeploymentPostprocessing = 0;
		};
/* End PBXResourcesBuildPhase section */

/* Begin PBXSourcesBuildPhase section */
		98DE832A19D543260055B461 /* Sources */ = {
			isa = PBXSourcesBuildPhase;
			buildActionMask = 2147483647;
			files = (
				98DE833719D543260055B461 /* AppDelegate.m in Sources */,
				98DE835B19D5C3FD0055B461 /* SessionViewController.m in Sources */,
				98DE833C19D543260055B461 /* GameViewController.m in Sources */,
				98DE833419D543260055B461 /* main.m in Sources */,
			);
			runOnlyForDeploymentPostprocessing = 0;
		};
		98DE834519D543260055B461 /* Sources */ = {
			isa = PBXSourcesBuildPhase;
			buildActionMask = 2147483647;
			files = (
				98DE835019D543260055B461 /* Game_002Tests.m in Sources */,
			);
			runOnlyForDeploymentPostprocessing = 0;
		};
/* End PBXSourcesBuildPhase section */

/* Begin PBXTargetDependency section */
		98DE834B19D543260055B461 /* PBXTargetDependency */ = {
			isa = PBXTargetDependency;
			target = 98DE832D19D543260055B461 /* Game_002 */;
			targetProxy = 98DE834A19D543260055B461 /* PBXContainerItemProxy */;
		};
/* End PBXTargetDependency section */

/* Begin PBXVariantGroup section */
		98DE833D19D543260055B461 /* Main.storyboard */ = {
			isa = PBXVariantGroup;
			children = (
				98DE833E19D543260055B461 /* Base */,
			);
			name = Main.storyboard;
			sourceTree = "<group>";
		};
		98DE834219D543260055B461 /* LaunchScreen.xib */ = {
			isa = PBXVariantGroup;
			children = (
				98DE834319D543260055B461 /* Base */,
			);
			name = LaunchScreen.xib;
			sourceTree = "<group>";
		};
/* End PBXVariantGroup section */

/* Begin XCBuildConfiguration section */
		98DE835119D543260055B461 /* Debug */ = {
			isa = XCBuildConfiguration;
			buildSettings = {
				ALWAYS_SEARCH_USER_PATHS = NO;
				CLANG_CXX_LANGUAGE_STANDARD = "gnu++0x";
				CLANG_CXX_LIBRARY = "libc++";
				CLANG_ENABLE_MODULES = YES;
				CLANG_ENABLE_OBJC_ARC = YES;
				CLANG_WARN_BOOL_CONVERSION = YES;
				CLANG_WARN_CONSTANT_CONVERSION = YES;
				CLANG_WARN_DIRECT_OBJC_ISA_USAGE = YES_ERROR;
				CLANG_WARN_EMPTY_BODY = YES;
				CLANG_WARN_ENUM_CONVERSION = YES;
				CLANG_WARN_INT_CONVERSION = YES;
				CLANG_WARN_OBJC_ROOT_CLASS = YES_ERROR;
				CLANG_WARN_UNREACHABLE_CODE = YES;
				CLANG_WARN__DUPLICATE_METHOD_MATCH = YES;
				"CODE_SIGN_IDENTITY[sdk=iphoneos*]" = "iPhone Developer";
				COPY_PHASE_STRIP = NO;
				ENABLE_STRICT_OBJC_MSGSEND = YES;
				GCC_C_LANGUAGE_STANDARD = gnu99;
				GCC_DYNAMIC_NO_PIC = NO;
				GCC_OPTIMIZATION_LEVEL = 0;
				GCC_PREPROCESSOR_DEFINITIONS = (
					"DEBUG=1",
					"$(inherited)",
				);
				GCC_SYMBOLS_PRIVATE_EXTERN = NO;
				GCC_WARN_64_TO_32_BIT_CONVERSION = YES;
				GCC_WARN_ABOUT_RETURN_TYPE = YES_ERROR;
				GCC_WARN_UNDECLARED_SELECTOR = YES;
				GCC_WARN_UNINITIALIZED_AUTOS = YES_AGGRESSIVE;
				GCC_WARN_UNUSED_FUNCTION = YES;
				GCC_WARN_UNUSED_VARIABLE = YES;
				IPHONEOS_DEPLOYMENT_TARGET = 8.0;
				MTL_ENABLE_DEBUG_INFO = YES;
				ONLY_ACTIVE_ARCH = YES;
				SDKROOT = iphoneos;
				TARGETED_DEVICE_FAMILY = "1,2";
			};
			name = Debug;
		};
		98DE835219D543260055B461 /* Release */ = {
			isa = XCBuildConfiguration;
			buildSettings = {
				ALWAYS_SEARCH_USER_PATHS = NO;
				CLANG_CXX_LANGUAGE_STANDARD = "gnu++0x";
				CLANG_CXX_LIBRARY = "libc++";
				CLANG_ENABLE_MODULES = YES;
				CLANG_ENABLE_OBJC_ARC = YES;
				CLANG_WARN_BOOL_CONVERSION = YES;
				CLANG_WARN_CONSTANT_CONVERSION = YES;
				CLANG_WARN_DIRECT_OBJC_ISA_USAGE = YES_ERROR;
				CLANG_WARN_EMPTY_BODY = YES;
				CLANG_WARN_ENUM_CONVERSION = YES;
				CLANG_WARN_INT_CONVERSION = YES;
				CLANG_WARN_OBJC_ROOT_CLASS = YES_ERROR;
				CLANG_WARN_UNREACHABLE_CODE = YES;
				CLANG_WARN__DUPLICATE_METHOD_MATCH = YES;
				"CODE_SIGN_IDENTITY[sdk=iphoneos*]" = "iPhone Developer";
				COPY_PHASE_STRIP = YES;
				ENABLE_NS_ASSERTIONS = NO;
				ENABLE_STRICT_OBJC_MSGSEND = YES;
				GCC_C_LANGUAGE_STANDARD = gnu99;
				GCC_WARN_64_TO_32_BIT_CONVERSION = YES;
				GCC_WARN_ABOUT_RETURN_TYPE = YES_ERROR;
				GCC_WARN_UNDECLARED_SELECTOR = YES;
				GCC_WARN_UNINITIALIZED_AUTOS = YES_AGGRESSIVE;
				GCC_WARN_UNUSED_FUNCTION = YES;
				GCC_WARN_UNUSED_VARIABLE = YES;
				IPHONEOS_DEPLOYMENT_TARGET = 8.0;
				MTL_ENABLE_DEBUG_INFO = NO;
				SDKROOT = iphoneos;
				TARGETED_DEVICE_FAMILY = "1,2";
				VALIDATE_PRODUCT = YES;
			};
			name = Release;
		};
		98DE835419D543260055B461 /* Debug */ = {
			isa = XCBuildConfiguration;
			buildSettings = {
				ASSETCATALOG_COMPILER_APPICON_NAME = AppIcon;
				CODE_SIGN_IDENTITY = "iPhone Developer";
				INFOPLIST_FILE = Game_002/Info.plist;
				LD_RUNPATH_SEARCH_PATHS = "$(inherited) @executable_path/Frameworks";
				PRODUCT_NAME = "$(TARGET_NAME)";
			};
			name = Debug;
		};
		98DE835519D543260055B461 /* Release */ = {
			isa = XCBuildConfiguration;
			buildSettings = {
				ASSETCATALOG_COMPILER_APPICON_NAME = AppIcon;
				CODE_SIGN_IDENTITY = "iPhone Developer";
				INFOPLIST_FILE = Game_002/Info.plist;
				LD_RUNPATH_SEARCH_PATHS = "$(inherited) @executable_path/Frameworks";
				PRODUCT_NAME = "$(TARGET_NAME)";
			};
			name = Release;
		};
		98DE835719D543260055B461 /* Debug */ = {
			isa = XCBuildConfiguration;
			buildSettings = {
				BUNDLE_LOADER = "$(TEST_HOST)";
				FRAMEWORK_SEARCH_PATHS = (
					"$(SDKROOT)/Developer/Library/Frameworks",
					"$(inherited)",
				);
				GCC_PREPROCESSOR_DEFINITIONS = (
					"DEBUG=1",
					"$(inherited)",
				);
				INFOPLIST_FILE = Game_002Tests/Info.plist;
				LD_RUNPATH_SEARCH_PATHS = "$(inherited) @executable_path/Frameworks @loader_path/Frameworks";
				PRODUCT_NAME = "$(TARGET_NAME)";
				TEST_HOST = "$(BUILT_PRODUCTS_DIR)/Game_002.app/Game_002";
			};
			name = Debug;
		};
		98DE835819D543260055B461 /* Release */ = {
			isa = XCBuildConfiguration;
			buildSettings = {
				BUNDLE_LOADER = "$(TEST_HOST)";
				FRAMEWORK_SEARCH_PATHS = (
					"$(SDKROOT)/Developer/Library/Frameworks",
					"$(inherited)",
				);
				INFOPLIST_FILE = Game_002Tests/Info.plist;
				LD_RUNPATH_SEARCH_PATHS = "$(inherited) @executable_path/Frameworks @loader_path/Frameworks";
				PRODUCT_NAME = "$(TARGET_NAME)";
				TEST_HOST = "$(BUILT_PRODUCTS_DIR)/Game_002.app/Game_002";
			};
			name = Release;
		};
/* End XCBuildConfiguration section */

/* Begin XCConfigurationList section */
		98DE832919D543260055B461 /* Build configuration list for PBXProject "Game_002" */ = {
			isa = XCConfigurationList;
			buildConfigurations = (
				98DE835119D543260055B461 /* Debug */,
				98DE835219D543260055B461 /* Release */,
			);
			defaultConfigurationIsVisible = 0;
			defaultConfigurationName = Release;
		};
		98DE835319D543260055B461 /* Build configuration list for PBXNativeTarget "Game_002" */ = {
			isa = XCConfigurationList;
			buildConfigurations = (
				98DE835419D543260055B461 /* Debug */,
				98DE835519D543260055B461 /* Release */,
			);
			defaultConfigurationIsVisible = 0;
		};
		98DE835619D543260055B461 /* Build configuration list for PBXNativeTarget "Game_002Tests" */ = {
			isa = XCConfigurationList;
			buildConfigurations = (
				98DE835719D543260055B461 /* Debug */,
				98DE835819D543260055B461 /* Release */,
			);
			defaultConfigurationIsVisible = 0;
		};
/* End XCConfigurationList section */
	};
	rootObject = 98DE832619D543260055B461 /* Project object */;
}
